
Microsoft Visual Studio Solution File, Format Version 12.00
# Visual Studio Version 16
VisualStudioVersion = 16.0.29230.47
MinimumVisualStudioVersion = 10.0.40219.1
Project("{888888A0-9F3D-457C-B088-3A5042F75D52}") = "PythonLab5MF", "PythonLab5MF.pyproj", "{0A37E904-313F-4D3F-B9BB-98DEE8E0EA49}"
EndProject
Global
	GlobalSection(SolutionConfigurationPlatforms) = preSolution
		Debug|Any CPU = Debug|Any CPU
		Release|Any CPU = Release|Any CPU
	EndGlobalSection
	GlobalSection(ProjectConfigurationPlatforms) = postSolution
		{0A37E904-313F-4D3F-B9BB-98DEE8E0EA49}.Debug|Any CPU.ActiveCfg = Debug|Any CPU
		{0A37E904-313F-4D3F-B9BB-98DEE8E0EA49}.Release|Any CPU.ActiveCfg = Release|Any CPU
	EndGlobalSection
	GlobalSection(SolutionProperties) = preSolution
		HideSolutionNode = FALSE
	EndGlobalSection
	GlobalSection(ExtensibilityGlobals) = postSolution
		SolutionGuid = {441D76EA-40A5-438C-9C73-266FE00F0109}
	EndGlobalSection
EndGlobal
