
Microsoft Visual Studio Solution File, Format Version 12.00
# Visual Studio Version 16
VisualStudioVersion = 16.0.29230.47
MinimumVisualStudioVersion = 10.0.40219.1
Project("{888888A0-9F3D-457C-B088-3A5042F75D52}") = "WaterLogFireMaxWemerJosh", "WaterLogFireMaxWemerJosh.pyproj", "{AB542C3E-988A-4EB0-AF8F-0E4C13566EB9}"
EndProject
Global
	GlobalSection(SolutionConfigurationPlatforms) = preSolution
		Debug|Any CPU = Debug|Any CPU
		Release|Any CPU = Release|Any CPU
	EndGlobalSection
	GlobalSection(ProjectConfigurationPlatforms) = postSolution
		{AB542C3E-988A-4EB0-AF8F-0E4C13566EB9}.Debug|Any CPU.ActiveCfg = Debug|Any CPU
		{AB542C3E-988A-4EB0-AF8F-0E4C13566EB9}.Release|Any CPU.ActiveCfg = Release|Any CPU
	EndGlobalSection
	GlobalSection(SolutionProperties) = preSolution
		HideSolutionNode = FALSE
	EndGlobalSection
	GlobalSection(ExtensibilityGlobals) = postSolution
		SolutionGuid = {CB872EE9-3D5E-4201-9E3B-58ECB7649A03}
	EndGlobalSection
EndGlobal
