
Microsoft Visual Studio Solution File, Format Version 12.00
# Visual Studio Version 16
VisualStudioVersion = 16.0.29230.47
MinimumVisualStudioVersion = 10.0.40219.1
Project("{888888A0-9F3D-457C-B088-3A5042F75D52}") = "PythonLab4ChallengeMF", "PythonLab4ChallengeMF.pyproj", "{4F433AD2-3951-43F8-B3CF-9599323ABC03}"
EndProject
Global
	GlobalSection(SolutionConfigurationPlatforms) = preSolution
		Debug|Any CPU = Debug|Any CPU
		Release|Any CPU = Release|Any CPU
	EndGlobalSection
	GlobalSection(ProjectConfigurationPlatforms) = postSolution
		{4F433AD2-3951-43F8-B3CF-9599323ABC03}.Debug|Any CPU.ActiveCfg = Debug|Any CPU
		{4F433AD2-3951-43F8-B3CF-9599323ABC03}.Release|Any CPU.ActiveCfg = Release|Any CPU
	EndGlobalSection
	GlobalSection(SolutionProperties) = preSolution
		HideSolutionNode = FALSE
	EndGlobalSection
	GlobalSection(ExtensibilityGlobals) = postSolution
		SolutionGuid = {CC6A93CF-217A-46B3-8B8E-193D1DAABE46}
	EndGlobalSection
EndGlobal
