
Microsoft Visual Studio Solution File, Format Version 12.00
# Visual Studio Version 16
VisualStudioVersion = 16.0.29230.47
MinimumVisualStudioVersion = 10.0.40219.1
Project("{888888A0-9F3D-457C-B088-3A5042F75D52}") = "ValidationExample99", "ValidationExample99.pyproj", "{0DD9CCD8-D261-451A-A147-E57C36F0B1BF}"
EndProject
Global
	GlobalSection(SolutionConfigurationPlatforms) = preSolution
		Debug|Any CPU = Debug|Any CPU
		Release|Any CPU = Release|Any CPU
	EndGlobalSection
	GlobalSection(ProjectConfigurationPlatforms) = postSolution
		{0DD9CCD8-D261-451A-A147-E57C36F0B1BF}.Debug|Any CPU.ActiveCfg = Debug|Any CPU
		{0DD9CCD8-D261-451A-A147-E57C36F0B1BF}.Release|Any CPU.ActiveCfg = Release|Any CPU
	EndGlobalSection
	GlobalSection(SolutionProperties) = preSolution
		HideSolutionNode = FALSE
	EndGlobalSection
	GlobalSection(ExtensibilityGlobals) = postSolution
		SolutionGuid = {72054962-E645-4894-B9CB-19937394F271}
	EndGlobalSection
EndGlobal
