
Microsoft Visual Studio Solution File, Format Version 12.00
# Visual Studio Version 16
VisualStudioVersion = 16.0.29230.47
MinimumVisualStudioVersion = 10.0.40219.1
Project("{888888A0-9F3D-457C-B088-3A5042F75D52}") = "PythonLab4MF", "PythonLab4MF.pyproj", "{8F0ED356-0663-421E-93BA-3F40BDEFE713}"
EndProject
Global
	GlobalSection(SolutionConfigurationPlatforms) = preSolution
		Debug|Any CPU = Debug|Any CPU
		Release|Any CPU = Release|Any CPU
	EndGlobalSection
	GlobalSection(ProjectConfigurationPlatforms) = postSolution
		{8F0ED356-0663-421E-93BA-3F40BDEFE713}.Debug|Any CPU.ActiveCfg = Debug|Any CPU
		{8F0ED356-0663-421E-93BA-3F40BDEFE713}.Release|Any CPU.ActiveCfg = Release|Any CPU
	EndGlobalSection
	GlobalSection(SolutionProperties) = preSolution
		HideSolutionNode = FALSE
	EndGlobalSection
	GlobalSection(ExtensibilityGlobals) = postSolution
		SolutionGuid = {A79FB325-D701-4405-B526-00587C4B9D8F}
	EndGlobalSection
EndGlobal
