
Microsoft Visual Studio Solution File, Format Version 12.00
# Visual Studio 15
VisualStudioVersion = 15.0.28010.2003
MinimumVisualStudioVersion = 10.0.40219.1
Project("{F184B08F-C81C-45F6-A57F-5ABD9991F28F}") = "SunflowerResortMF", "SunflowerResortMF\SunflowerResortMF.vbproj", "{ACB24F15-C9EB-414B-B8B8-E4A32FA76BA6}"
EndProject
Global
	GlobalSection(SolutionConfigurationPlatforms) = preSolution
		Debug|Any CPU = Debug|Any CPU
		Release|Any CPU = Release|Any CPU
	EndGlobalSection
	GlobalSection(ProjectConfigurationPlatforms) = postSolution
		{ACB24F15-C9EB-414B-B8B8-E4A32FA76BA6}.Debug|Any CPU.ActiveCfg = Debug|Any CPU
		{ACB24F15-C9EB-414B-B8B8-E4A32FA76BA6}.Debug|Any CPU.Build.0 = Debug|Any CPU
		{ACB24F15-C9EB-414B-B8B8-E4A32FA76BA6}.Release|Any CPU.ActiveCfg = Release|Any CPU
		{ACB24F15-C9EB-414B-B8B8-E4A32FA76BA6}.Release|Any CPU.Build.0 = Release|Any CPU
	EndGlobalSection
	GlobalSection(SolutionProperties) = preSolution
		HideSolutionNode = FALSE
	EndGlobalSection
	GlobalSection(ExtensibilityGlobals) = postSolution
		SolutionGuid = {E7D3FD00-9874-4FEE-BACF-BF3ED4B01651}
	EndGlobalSection
EndGlobal
